// !$*UTF8*$!
{
	archiveVersion = 1;
	classes = {
	};
	objectVersion = 55;
	objects = {

/* Begin PBXBuildFile section */
		36EDF6252822A483008867C5 /* NotesFirebaseApp.swift in Sources */ = {isa = PBXBuildFile; fileRef = 36EDF6242822A483008867C5 /* NotesFirebaseApp.swift */; };
		36EDF6272822A483008867C5 /* InitialView.swift in Sources */ = {isa = PBXBuildFile; fileRef = 36EDF6262822A483008867C5 /* InitialView.swift */; };
		36EDF6292822A484008867C5 /* Assets.xcassets in Resources */ = {isa = PBXBuildFile; fileRef = 36EDF6282822A484008867C5 /* Assets.xcassets */; };
		36EDF62C2822A484008867C5 /* Preview Assets.xcassets in Resources */ = {isa = PBXBuildFile; fileRef = 36EDF62B2822A484008867C5 /* Preview Assets.xcassets */; };
		36EDF6342822A5E8008867C5 /* FirebaseAuth in Frameworks */ = {isa = PBXBuildFile; productRef = 36EDF6332822A5E8008867C5 /* FirebaseAuth */; };
		36EDF6362822A5E8008867C5 /* FirebaseDatabase in Frameworks */ = {isa = PBXBuildFile; productRef = 36EDF6352822A5E8008867C5 /* FirebaseDatabase */; };
		36EDF6382822A6F1008867C5 /* GoogleService-Info.plist in Resources */ = {isa = PBXBuildFile; fileRef = 36EDF6372822A6F1008867C5 /* GoogleService-Info.plist */; };
		36EDF63B2822A9D3008867C5 /* InitialViewModel.swift in Sources */ = {isa = PBXBuildFile; fileRef = 36EDF63A2822A9D3008867C5 /* InitialViewModel.swift */; };
		36EDF63F2822AB4A008867C5 /* GoogleSignIn in Frameworks */ = {isa = PBXBuildFile; productRef = 36EDF63E2822AB4A008867C5 /* GoogleSignIn */; };
		36EDF6422822AE8F008867C5 /* CustomModifiers.swift in Sources */ = {isa = PBXBuildFile; fileRef = 36EDF6412822AE8F008867C5 /* CustomModifiers.swift */; };
		36EDF6472822BB76008867C5 /* NotesView.swift in Sources */ = {isa = PBXBuildFile; fileRef = 36EDF6462822BB76008867C5 /* NotesView.swift */; };
		36EDF6492822C5A6008867C5 /* NotesViewModel.swift in Sources */ = {isa = PBXBuildFile; fileRef = 36EDF6482822C5A6008867C5 /* NotesViewModel.swift */; };
		36EDF64C2822C600008867C5 /* AddNoteView.swift in Sources */ = {isa = PBXBuildFile; fileRef = 36EDF64B2822C600008867C5 /* AddNoteView.swift */; };
		36EDF64F2822C7AC008867C5 /* XRoundedDismissButton.swift in Sources */ = {isa = PBXBuildFile; fileRef = 36EDF64E2822C7AC008867C5 /* XRoundedDismissButton.swift */; };
		36EDF6512822CDD2008867C5 /* AddNoteViewModel.swift in Sources */ = {isa = PBXBuildFile; fileRef = 36EDF6502822CDD2008867C5 /* AddNoteViewModel.swift */; };
		36EDF6542823ECC4008867C5 /* Note.swift in Sources */ = {isa = PBXBuildFile; fileRef = 36EDF6532823ECC4008867C5 /* Note.swift */; };
		36EDF6572823FBD0008867C5 /* EditNoteView.swift in Sources */ = {isa = PBXBuildFile; fileRef = 36EDF6562823FBD0008867C5 /* EditNoteView.swift */; };
		36EDF6592823FBDB008867C5 /* EditNoteViewModel.swift in Sources */ = {isa = PBXBuildFile; fileRef = 36EDF6582823FBDB008867C5 /* EditNoteViewModel.swift */; };
		36EDF65F28250C64008867C5 /* NetworkManager.swift in Sources */ = {isa = PBXBuildFile; fileRef = 36EDF65E28250C64008867C5 /* NetworkManager.swift */; };
/* End PBXBuildFile section */

/* Begin PBXFileReference section */
		36EDF6212822A483008867C5 /* NotesFirebase.app */ = {isa = PBXFileReference; explicitFileType = wrapper.application; includeInIndex = 0; path = NotesFirebase.app; sourceTree = BUILT_PRODUCTS_DIR; };
		36EDF6242822A483008867C5 /* NotesFirebaseApp.swift */ = {isa = PBXFileReference; lastKnownFileType = sourcecode.swift; path = NotesFirebaseApp.swift; sourceTree = "<group>"; };
		36EDF6262822A483008867C5 /* InitialView.swift */ = {isa = PBXFileReference; lastKnownFileType = sourcecode.swift; path = InitialView.swift; sourceTree = "<group>"; };
		36EDF6282822A484008867C5 /* Assets.xcassets */ = {isa = PBXFileReference; lastKnownFileType = folder.assetcatalog; path = Assets.xcassets; sourceTree = "<group>"; };
		36EDF62B2822A484008867C5 /* Preview Assets.xcassets */ = {isa = PBXFileReference; lastKnownFileType = folder.assetcatalog; path = "Preview Assets.xcassets"; sourceTree = "<group>"; };
		36EDF6372822A6F1008867C5 /* GoogleService-Info.plist */ = {isa = PBXFileReference; fileEncoding = 4; lastKnownFileType = text.plist.xml; path = "GoogleService-Info.plist"; sourceTree = "<group>"; };
		36EDF6392822A71D008867C5 /* Info.plist */ = {isa = PBXFileReference; lastKnownFileType = text.plist; path = Info.plist; sourceTree = "<group>"; };
		36EDF63A2822A9D3008867C5 /* InitialViewModel.swift */ = {isa = PBXFileReference; lastKnownFileType = sourcecode.swift; path = InitialViewModel.swift; sourceTree = "<group>"; };
		36EDF6412822AE8F008867C5 /* CustomModifiers.swift */ = {isa = PBXFileReference; lastKnownFileType = sourcecode.swift; path = CustomModifiers.swift; sourceTree = "<group>"; };
		36EDF6462822BB76008867C5 /* NotesView.swift */ = {isa = PBXFileReference; lastKnownFileType = sourcecode.swift; path = NotesView.swift; sourceTree = "<group>"; };
		36EDF6482822C5A6008867C5 /* NotesViewModel.swift */ = {isa = PBXFileReference; lastKnownFileType = sourcecode.swift; path = NotesViewModel.swift; sourceTree = "<group>"; };
		36EDF64B2822C600008867C5 /* AddNoteView.swift */ = {isa = PBXFileReference; lastKnownFileType = sourcecode.swift; path = AddNoteView.swift; sourceTree = "<group>"; };
		36EDF64E2822C7AC008867C5 /* XRoundedDismissButton.swift */ = {isa = PBXFileReference; lastKnownFileType = sourcecode.swift; path = XRoundedDismissButton.swift; sourceTree = "<group>"; };
		36EDF6502822CDD2008867C5 /* AddNoteViewModel.swift */ = {isa = PBXFileReference; lastKnownFileType = sourcecode.swift; path = AddNoteViewModel.swift; sourceTree = "<group>"; };
		36EDF6532823ECC4008867C5 /* Note.swift */ = {isa = PBXFileReference; lastKnownFileType = sourcecode.swift; path = Note.swift; sourceTree = "<group>"; };
		36EDF6562823FBD0008867C5 /* EditNoteView.swift */ = {isa = PBXFileReference; lastKnownFileType = sourcecode.swift; path = EditNoteView.swift; sourceTree = "<group>"; };
		36EDF6582823FBDB008867C5 /* EditNoteViewModel.swift */ = {isa = PBXFileReference; lastKnownFileType = sourcecode.swift; path = EditNoteViewModel.swift; sourceTree = "<group>"; };
		36EDF65E28250C64008867C5 /* NetworkManager.swift */ = {isa = PBXFileReference; lastKnownFileType = sourcecode.swift; path = NetworkManager.swift; sourceTree = "<group>"; };
/* End PBXFileReference section */

/* Begin PBXFrameworksBuildPhase section */
		36EDF61E2822A483008867C5 /* Frameworks */ = {
			isa = PBXFrameworksBuildPhase;
			buildActionMask = 2147483647;
			files = (
				36EDF6362822A5E8008867C5 /* FirebaseDatabase in Frameworks */,
				36EDF6342822A5E8008867C5 /* FirebaseAuth in Frameworks */,
				36EDF63F2822AB4A008867C5 /* GoogleSignIn in Frameworks */,
			);
			runOnlyForDeploymentPostprocessing = 0;
		};
/* End PBXFrameworksBuildPhase section */

/* Begin PBXGroup section */
		36EDF6182822A483008867C5 = {
			isa = PBXGroup;
			children = (
				36EDF6232822A483008867C5 /* NotesFirebase */,
				36EDF6222822A483008867C5 /* Products */,
			);
			sourceTree = "<group>";
		};
		36EDF6222822A483008867C5 /* Products */ = {
			isa = PBXGroup;
			children = (
				36EDF6212822A483008867C5 /* NotesFirebase.app */,
			);
			name = Products;
			sourceTree = "<group>";
		};
		36EDF6232822A483008867C5 /* NotesFirebase */ = {
			isa = PBXGroup;
			children = (
				36EDF65D28250C2C008867C5 /* Manager */,
				36EDF6522823ECA1008867C5 /* Model */,
				36EDF6402822AE82008867C5 /* Views */,
				36EDF6392822A71D008867C5 /* Info.plist */,
				36EDF6242822A483008867C5 /* NotesFirebaseApp.swift */,
				36EDF63C2822A9D7008867C5 /* Initial View */,
				36EDF6432822B856008867C5 /* NotesView */,
				36EDF6282822A484008867C5 /* Assets.xcassets */,
				36EDF6372822A6F1008867C5 /* GoogleService-Info.plist */,
				36EDF62A2822A484008867C5 /* Preview Content */,
			);
			path = NotesFirebase;
			sourceTree = "<group>";
		};
		36EDF62A2822A484008867C5 /* Preview Content */ = {
			isa = PBXGroup;
			children = (
				36EDF62B2822A484008867C5 /* Preview Assets.xcassets */,
			);
			path = "Preview Content";
			sourceTree = "<group>";
		};
		36EDF63C2822A9D7008867C5 /* Initial View */ = {
			isa = PBXGroup;
			children = (
				36EDF6262822A483008867C5 /* InitialView.swift */,
				36EDF63A2822A9D3008867C5 /* InitialViewModel.swift */,
			);
			path = "Initial View";
			sourceTree = "<group>";
		};
		36EDF6402822AE82008867C5 /* Views */ = {
			isa = PBXGroup;
			children = (
				36EDF64D2822C790008867C5 /* Buttons */,
				36EDF6412822AE8F008867C5 /* CustomModifiers.swift */,
			);
			path = Views;
			sourceTree = "<group>";
		};
		36EDF6432822B856008867C5 /* NotesView */ = {
			isa = PBXGroup;
			children = (
				36EDF6462822BB76008867C5 /* NotesView.swift */,
				36EDF6482822C5A6008867C5 /* NotesViewModel.swift */,
				36EDF6552823FBC3008867C5 /* Edit Note */,
				36EDF64A2822C5F4008867C5 /* Add Note */,
			);
			path = NotesView;
			sourceTree = "<group>";
		};
		36EDF64A2822C5F4008867C5 /* Add Note */ = {
			isa = PBXGroup;
			children = (
				36EDF64B2822C600008867C5 /* AddNoteView.swift */,
				36EDF6502822CDD2008867C5 /* AddNoteViewModel.swift */,
			);
			path = "Add Note";
			sourceTree = "<group>";
		};
		36EDF64D2822C790008867C5 /* Buttons */ = {
			isa = PBXGroup;
			children = (
				36EDF64E2822C7AC008867C5 /* XRoundedDismissButton.swift */,
			);
			path = Buttons;
			sourceTree = "<group>";
		};
		36EDF6522823ECA1008867C5 /* Model */ = {
			isa = PBXGroup;
			children = (
				36EDF6532823ECC4008867C5 /* Note.swift */,
			);
			path = Model;
			sourceTree = "<group>";
		};
		36EDF6552823FBC3008867C5 /* Edit Note */ = {
			isa = PBXGroup;
			children = (
				36EDF6562823FBD0008867C5 /* EditNoteView.swift */,
				36EDF6582823FBDB008867C5 /* EditNoteViewModel.swift */,
			);
			path = "Edit Note";
			sourceTree = "<group>";
		};
		36EDF65D28250C2C008867C5 /* Manager */ = {
			isa = PBXGroup;
			children = (
				36EDF65E28250C64008867C5 /* NetworkManager.swift */,
			);
			path = Manager;
			sourceTree = "<group>";
		};
/* End PBXGroup section */

/* Begin PBXNativeTarget section */
		36EDF6202822A483008867C5 /* NotesFirebase */ = {
			isa = PBXNativeTarget;
			buildConfigurationList = 36EDF62F2822A484008867C5 /* Build configuration list for PBXNativeTarget "NotesFirebase" */;
			buildPhases = (
				36EDF61D2822A483008867C5 /* Sources */,
				36EDF61E2822A483008867C5 /* Frameworks */,
				36EDF61F2822A483008867C5 /* Resources */,
			);
			buildRules = (
			);
			dependencies = (
			);
			name = NotesFirebase;
			packageProductDependencies = (
				36EDF6332822A5E8008867C5 /* FirebaseAuth */,
				36EDF6352822A5E8008867C5 /* FirebaseDatabase */,
				36EDF63E2822AB4A008867C5 /* GoogleSignIn */,
			);
			productName = NotesFirebase;
			productReference = 36EDF6212822A483008867C5 /* NotesFirebase.app */;
			productType = "com.apple.product-type.application";
		};
/* End PBXNativeTarget section */

/* Begin PBXProject section */
		36EDF6192822A483008867C5 /* Project object */ = {
			isa = PBXProject;
			attributes = {
				BuildIndependentTargetsInParallel = 1;
				LastSwiftUpdateCheck = 1330;
				LastUpgradeCheck = 1330;
				TargetAttributes = {
					36EDF6202822A483008867C5 = {
						CreatedOnToolsVersion = 13.3.1;
					};
				};
			};
			buildConfigurationList = 36EDF61C2822A483008867C5 /* Build configuration list for PBXProject "NotesFirebase" */;
			compatibilityVersion = "Xcode 13.0";
			developmentRegion = en;
			hasScannedForEncodings = 0;
			knownRegions = (
				en,
				Base,
			);
			mainGroup = 36EDF6182822A483008867C5;
			packageReferences = (
				36EDF6322822A5E8008867C5 /* XCRemoteSwiftPackageReference "firebase-ios-sdk" */,
				36EDF63D2822AB4A008867C5 /* XCRemoteSwiftPackageReference "GoogleSignIn-iOS" */,
			);
			productRefGroup = 36EDF6222822A483008867C5 /* Products */;
			projectDirPath = "";
			projectRoot = "";
			targets = (
				36EDF6202822A483008867C5 /* NotesFirebase */,
			);
		};
/* End PBXProject section */

/* Begin PBXResourcesBuildPhase section */
		36EDF61F2822A483008867C5 /* Resources */ = {
			isa = PBXResourcesBuildPhase;
			buildActionMask = 2147483647;
			files = (
				36EDF62C2822A484008867C5 /* Preview Assets.xcassets in Resources */,
				36EDF6292822A484008867C5 /* Assets.xcassets in Resources */,
				36EDF6382822A6F1008867C5 /* GoogleService-Info.plist in Resources */,
			);
			runOnlyForDeploymentPostprocessing = 0;
		};
/* End PBXResourcesBuildPhase section */

/* Begin PBXSourcesBuildPhase section */
		36EDF61D2822A483008867C5 /* Sources */ = {
			isa = PBXSourcesBuildPhase;
			buildActionMask = 2147483647;
			files = (
				36EDF6272822A483008867C5 /* InitialView.swift in Sources */,
				36EDF6422822AE8F008867C5 /* CustomModifiers.swift in Sources */,
				36EDF6572823FBD0008867C5 /* EditNoteView.swift in Sources */,
				36EDF65F28250C64008867C5 /* NetworkManager.swift in Sources */,
				36EDF6492822C5A6008867C5 /* NotesViewModel.swift in Sources */,
				36EDF6512822CDD2008867C5 /* AddNoteViewModel.swift in Sources */,
				36EDF6472822BB76008867C5 /* NotesView.swift in Sources */,
				36EDF6592823FBDB008867C5 /* EditNoteViewModel.swift in Sources */,
				36EDF6542823ECC4008867C5 /* Note.swift in Sources */,
				36EDF6252822A483008867C5 /* NotesFirebaseApp.swift in Sources */,
				36EDF64C2822C600008867C5 /* AddNoteView.swift in Sources */,
				36EDF63B2822A9D3008867C5 /* InitialViewModel.swift in Sources */,
				36EDF64F2822C7AC008867C5 /* XRoundedDismissButton.swift in Sources */,
			);
			runOnlyForDeploymentPostprocessing = 0;
		};
/* End PBXSourcesBuildPhase section */

/* Begin XCBuildConfiguration section */
		36EDF62D2822A484008867C5 /* Debug */ = {
			isa = XCBuildConfiguration;
			buildSettings = {
				ALWAYS_SEARCH_USER_PATHS = NO;
				CLANG_ANALYZER_NONNULL = YES;
				CLANG_ANALYZER_NUMBER_OBJECT_CONVERSION = YES_AGGRESSIVE;
				CLANG_CXX_LANGUAGE_STANDARD = "gnu++17";
				CLANG_ENABLE_MODULES = YES;
				CLANG_ENABLE_OBJC_ARC = YES;
				CLANG_ENABLE_OBJC_WEAK = YES;
				CLANG_WARN_BLOCK_CAPTURE_AUTORELEASING = YES;
				CLANG_WARN_BOOL_CONVERSION = YES;
				CLANG_WARN_COMMA = YES;
				CLANG_WARN_CONSTANT_CONVERSION = YES;
				CLANG_WARN_DEPRECATED_OBJC_IMPLEMENTATIONS = YES;
				CLANG_WARN_DIRECT_OBJC_ISA_USAGE = YES_ERROR;
				CLANG_WARN_DOCUMENTATION_COMMENTS = YES;
				CLANG_WARN_EMPTY_BODY = YES;
				CLANG_WARN_ENUM_CONVERSION = YES;
				CLANG_WARN_INFINITE_RECURSION = YES;
				CLANG_WARN_INT_CONVERSION = YES;
				CLANG_WARN_NON_LITERAL_NULL_CONVERSION = YES;
				CLANG_WARN_OBJC_IMPLICIT_RETAIN_SELF = YES;
				CLANG_WARN_OBJC_LITERAL_CONVERSION = YES;
				CLANG_WARN_OBJC_ROOT_CLASS = YES_ERROR;
				CLANG_WARN_QUOTED_INCLUDE_IN_FRAMEWORK_HEADER = YES;
				CLANG_WARN_RANGE_LOOP_ANALYSIS = YES;
				CLANG_WARN_STRICT_PROTOTYPES = YES;
				CLANG_WARN_SUSPICIOUS_MOVE = YES;
				CLANG_WARN_UNGUARDED_AVAILABILITY = YES_AGGRESSIVE;
				CLANG_WARN_UNREACHABLE_CODE = YES;
				CLANG_WARN__DUPLICATE_METHOD_MATCH = YES;
				COPY_PHASE_STRIP = NO;
				DEBUG_INFORMATION_FORMAT = dwarf;
				ENABLE_STRICT_OBJC_MSGSEND = YES;
				ENABLE_TESTABILITY = YES;
				GCC_C_LANGUAGE_STANDARD = gnu11;
				GCC_DYNAMIC_NO_PIC = NO;
				GCC_NO_COMMON_BLOCKS = YES;
				GCC_OPTIMIZATION_LEVEL = 0;
				GCC_PREPROCESSOR_DEFINITIONS = (
					"DEBUG=1",
					"$(inherited)",
				);
				GCC_WARN_64_TO_32_BIT_CONVERSION = YES;
				GCC_WARN_ABOUT_RETURN_TYPE = YES_ERROR;
				GCC_WARN_UNDECLARED_SELECTOR = YES;
				GCC_WARN_UNINITIALIZED_AUTOS = YES_AGGRESSIVE;
				GCC_WARN_UNUSED_FUNCTION = YES;
				GCC_WARN_UNUSED_VARIABLE = YES;
				IPHONEOS_DEPLOYMENT_TARGET = 15.4;
				MTL_ENABLE_DEBUG_INFO = INCLUDE_SOURCE;
				MTL_FAST_MATH = YES;
				ONLY_ACTIVE_ARCH = YES;
				SDKROOT = iphoneos;
				SWIFT_ACTIVE_COMPILATION_CONDITIONS = DEBUG;
				SWIFT_OPTIMIZATION_LEVEL = "-Onone";
			};
			name = Debug;
		};
		36EDF62E2822A484008867C5 /* Release */ = {
			isa = XCBuildConfiguration;
			buildSettings = {
				ALWAYS_SEARCH_USER_PATHS = NO;
				CLANG_ANALYZER_NONNULL = YES;
				CLANG_ANALYZER_NUMBER_OBJECT_CONVERSION = YES_AGGRESSIVE;
				CLANG_CXX_LANGUAGE_STANDARD = "gnu++17";
				CLANG_ENABLE_MODULES = YES;
				CLANG_ENABLE_OBJC_ARC = YES;
				CLANG_ENABLE_OBJC_WEAK = YES;
				CLANG_WARN_BLOCK_CAPTURE_AUTORELEASING = YES;
				CLANG_WARN_BOOL_CONVERSION = YES;
				CLANG_WARN_COMMA = YES;
				CLANG_WARN_CONSTANT_CONVERSION = YES;
				CLANG_WARN_DEPRECATED_OBJC_IMPLEMENTATIONS = YES;
				CLANG_WARN_DIRECT_OBJC_ISA_USAGE = YES_ERROR;
				CLANG_WARN_DOCUMENTATION_COMMENTS = YES;
				CLANG_WARN_EMPTY_BODY = YES;
				CLANG_WARN_ENUM_CONVERSION = YES;
				CLANG_WARN_INFINITE_RECURSION = YES;
				CLANG_WARN_INT_CONVERSION = YES;
				CLANG_WARN_NON_LITERAL_NULL_CONVERSION = YES;
				CLANG_WARN_OBJC_IMPLICIT_RETAIN_SELF = YES;
				CLANG_WARN_OBJC_LITERAL_CONVERSION = YES;
				CLANG_WARN_OBJC_ROOT_CLASS = YES_ERROR;
				CLANG_WARN_QUOTED_INCLUDE_IN_FRAMEWORK_HEADER = YES;
				CLANG_WARN_RANGE_LOOP_ANALYSIS = YES;
				CLANG_WARN_STRICT_PROTOTYPES = YES;
				CLANG_WARN_SUSPICIOUS_MOVE = YES;
				CLANG_WARN_UNGUARDED_AVAILABILITY = YES_AGGRESSIVE;
				CLANG_WARN_UNREACHABLE_CODE = YES;
				CLANG_WARN__DUPLICATE_METHOD_MATCH = YES;
				COPY_PHASE_STRIP = NO;
				DEBUG_INFORMATION_FORMAT = "dwarf-with-dsym";
				ENABLE_NS_ASSERTIONS = NO;
				ENABLE_STRICT_OBJC_MSGSEND = YES;
				GCC_C_LANGUAGE_STANDARD = gnu11;
				GCC_NO_COMMON_BLOCKS = YES;
				GCC_WARN_64_TO_32_BIT_CONVERSION = YES;
				GCC_WARN_ABOUT_RETURN_TYPE = YES_ERROR;
				GCC_WARN_UNDECLARED_SELECTOR = YES;
				GCC_WARN_UNINITIALIZED_AUTOS = YES_AGGRESSIVE;
				GCC_WARN_UNUSED_FUNCTION = YES;
				GCC_WARN_UNUSED_VARIABLE = YES;
				IPHONEOS_DEPLOYMENT_TARGET = 15.4;
				MTL_ENABLE_DEBUG_INFO = NO;
				MTL_FAST_MATH = YES;
				SDKROOT = iphoneos;
				SWIFT_COMPILATION_MODE = wholemodule;
				SWIFT_OPTIMIZATION_LEVEL = "-O";
				VALIDATE_PRODUCT = YES;
			};
			name = Release;
		};
		36EDF6302822A484008867C5 /* Debug */ = {
			isa = XCBuildConfiguration;
			buildSettings = {
				ASSETCATALOG_COMPILER_APPICON_NAME = AppIcon;
				ASSETCATALOG_COMPILER_GLOBAL_ACCENT_COLOR_NAME = AccentColor;
				CODE_SIGN_IDENTITY = "Apple Development";
				CODE_SIGN_STYLE = Manual;
				CURRENT_PROJECT_VERSION = 1;
				DEVELOPMENT_ASSET_PATHS = "\"NotesFirebase/Preview Content\"";
				DEVELOPMENT_TEAM = "";
				ENABLE_PREVIEWS = YES;
				GENERATE_INFOPLIST_FILE = YES;
				INFOPLIST_FILE = NotesFirebase/Info.plist;
				INFOPLIST_KEY_UIApplicationSceneManifest_Generation = YES;
				INFOPLIST_KEY_UIApplicationSupportsIndirectInputEvents = YES;
				INFOPLIST_KEY_UILaunchScreen_Generation = YES;
				INFOPLIST_KEY_UISupportedInterfaceOrientations_iPad = "UIInterfaceOrientationPortrait UIInterfaceOrientationPortraitUpsideDown UIInterfaceOrientationLandscapeLeft UIInterfaceOrientationLandscapeRight";
				INFOPLIST_KEY_UISupportedInterfaceOrientations_iPhone = "UIInterfaceOrientationPortrait UIInterfaceOrientationLandscapeLeft UIInterfaceOrientationLandscapeRight";
				INFOPLIST_KEY_UIUserInterfaceStyle = Light;
				LD_RUNPATH_SEARCH_PATHS = (
					"$(inherited)",
					"@executable_path/Frameworks",
				);
				MARKETING_VERSION = 1.0;
				PRODUCT_BUNDLE_IDENTIFIER = flock.NotesFirebase;
				PRODUCT_NAME = "$(TARGET_NAME)";
				PROVISIONING_PROFILE_SPECIFIER = "";
				SWIFT_EMIT_LOC_STRINGS = YES;
				SWIFT_VERSION = 5.0;
				TARGETED_DEVICE_FAMILY = "1,2";
			};
			name = Debug;
		};
		36EDF6312822A484008867C5 /* Release */ = {
			isa = XCBuildConfiguration;
			buildSettings = {
				ASSETCATALOG_COMPILER_APPICON_NAME = AppIcon;
				ASSETCATALOG_COMPILER_GLOBAL_ACCENT_COLOR_NAME = AccentColor;
				CODE_SIGN_IDENTITY = "Apple Development";
				CODE_SIGN_STYLE = Manual;
				CURRENT_PROJECT_VERSION = 1;
				DEVELOPMENT_ASSET_PATHS = "\"NotesFirebase/Preview Content\"";
				DEVELOPMENT_TEAM = "";
				ENABLE_PREVIEWS = YES;
				GENERATE_INFOPLIST_FILE = YES;
				INFOPLIST_FILE = NotesFirebase/Info.plist;
				INFOPLIST_KEY_UIApplicationSceneManifest_Generation = YES;
				INFOPLIST_KEY_UIApplicationSupportsIndirectInputEvents = YES;
				INFOPLIST_KEY_UILaunchScreen_Generation = YES;
				INFOPLIST_KEY_UISupportedInterfaceOrientations_iPad = "UIInterfaceOrientationPortrait UIInterfaceOrientationPortraitUpsideDown UIInterfaceOrientationLandscapeLeft UIInterfaceOrientationLandscapeRight";
				INFOPLIST_KEY_UISupportedInterfaceOrientations_iPhone = "UIInterfaceOrientationPortrait UIInterfaceOrientationLandscapeLeft UIInterfaceOrientationLandscapeRight";
				INFOPLIST_KEY_UIUserInterfaceStyle = Light;
				LD_RUNPATH_SEARCH_PATHS = (
					"$(inherited)",
					"@executable_path/Frameworks",
				);
				MARKETING_VERSION = 1.0;
				PRODUCT_BUNDLE_IDENTIFIER = flock.NotesFirebase;
				PRODUCT_NAME = "$(TARGET_NAME)";
				PROVISIONING_PROFILE_SPECIFIER = "";
				SWIFT_EMIT_LOC_STRINGS = YES;
				SWIFT_VERSION = 5.0;
				TARGETED_DEVICE_FAMILY = "1,2";
			};
			name = Release;
		};
/* End XCBuildConfiguration section */

/* Begin XCConfigurationList section */
		36EDF61C2822A483008867C5 /* Build configuration list for PBXProject "NotesFirebase" */ = {
			isa = XCConfigurationList;
			buildConfigurations = (
				36EDF62D2822A484008867C5 /* Debug */,
				36EDF62E2822A484008867C5 /* Release */,
			);
			defaultConfigurationIsVisible = 0;
			defaultConfigurationName = Release;
		};
		36EDF62F2822A484008867C5 /* Build configuration list for PBXNativeTarget "NotesFirebase" */ = {
			isa = XCConfigurationList;
			buildConfigurations = (
				36EDF6302822A484008867C5 /* Debug */,
				36EDF6312822A484008867C5 /* Release */,
			);
			defaultConfigurationIsVisible = 0;
			defaultConfigurationName = Release;
		};
/* End XCConfigurationList section */

/* Begin XCRemoteSwiftPackageReference section */
		36EDF6322822A5E8008867C5 /* XCRemoteSwiftPackageReference "firebase-ios-sdk" */ = {
			isa = XCRemoteSwiftPackageReference;
			repositoryURL = "https://github.com/firebase/firebase-ios-sdk";
			requirement = {
				kind = upToNextMajorVersion;
				minimumVersion = 8.0.0;
			};
		};
		36EDF63D2822AB4A008867C5 /* XCRemoteSwiftPackageReference "GoogleSignIn-iOS" */ = {
			isa = XCRemoteSwiftPackageReference;
			repositoryURL = "https://github.com/google/GoogleSignIn-iOS";
			requirement = {
				branch = main;
				kind = branch;
			};
		};
/* End XCRemoteSwiftPackageReference section */

/* Begin XCSwiftPackageProductDependency section */
		36EDF6332822A5E8008867C5 /* FirebaseAuth */ = {
			isa = XCSwiftPackageProductDependency;
			package = 36EDF6322822A5E8008867C5 /* XCRemoteSwiftPackageReference "firebase-ios-sdk" */;
			productName = FirebaseAuth;
		};
		36EDF6352822A5E8008867C5 /* FirebaseDatabase */ = {
			isa = XCSwiftPackageProductDependency;
			package = 36EDF6322822A5E8008867C5 /* XCRemoteSwiftPackageReference "firebase-ios-sdk" */;
			productName = FirebaseDatabase;
		};
		36EDF63E2822AB4A008867C5 /* GoogleSignIn */ = {
			isa = XCSwiftPackageProductDependency;
			package = 36EDF63D2822AB4A008867C5 /* XCRemoteSwiftPackageReference "GoogleSignIn-iOS" */;
			productName = GoogleSignIn;
		};
/* End XCSwiftPackageProductDependency section */
	};
	rootObject = 36EDF6192822A483008867C5 /* Project object */;
}
